
Microsoft Visual Studio Solution File, Format Version 12.00
# Visual Studio 15
VisualStudioVersion = 15.0.27428.2015
MinimumVisualStudioVersion = 10.0.40219.1
Project("{FAE04EC0-301F-11D3-BF4B-00C04F79EFBC}") = "VueDemo", "VueDemo\VueDemo.csproj", "{AA556CCC-EFAA-4255-931D-E801A2342F42}"
EndProject
Global
	GlobalSection(SolutionConfigurationPlatforms) = preSolution
		Debug|Any CPU = Debug|Any CPU
		Release|Any CPU = Release|Any CPU
	EndGlobalSection
	GlobalSection(ProjectConfigurationPlatforms) = postSolution
		{AA556CCC-EFAA-4255-931D-E801A2342F42}.Debug|Any CPU.ActiveCfg = Debug|Any CPU
		{AA556CCC-EFAA-4255-931D-E801A2342F42}.Debug|Any CPU.Build.0 = Debug|Any CPU
		{AA556CCC-EFAA-4255-931D-E801A2342F42}.Release|Any CPU.ActiveCfg = Release|Any CPU
		{AA556CCC-EFAA-4255-931D-E801A2342F42}.Release|Any CPU.Build.0 = Release|Any CPU
	EndGlobalSection
	GlobalSection(SolutionProperties) = preSolution
		HideSolutionNode = FALSE
	EndGlobalSection
	GlobalSection(ExtensibilityGlobals) = postSolution
		SolutionGuid = {DCFB54E2-36C7-4491-BCCD-8F80ED7E4D22}
	EndGlobalSection
EndGlobal
